
Microsoft Visual Studio Solution File, Format Version 12.00
# Visual Studio 15
VisualStudioVersion = 15.0.28307.168
MinimumVisualStudioVersion = 10.0.40219.1
Project("{FAE04EC0-301F-11D3-BF4B-00C04F79EFBC}") = "kps-counter", "kps-counter\kps-counter.csproj", "{A1AC61EC-D170-4EC2-864A-AAF62E300FD1}"
EndProject
Global
	GlobalSection(SolutionConfigurationPlatforms) = preSolution
		Debug|Any CPU = Debug|Any CPU
		Release|Any CPU = Release|Any CPU
	EndGlobalSection
	GlobalSection(ProjectConfigurationPlatforms) = postSolution
		{A1AC61EC-D170-4EC2-864A-AAF62E300FD1}.Debug|Any CPU.ActiveCfg = Debug|Any CPU
		{A1AC61EC-D170-4EC2-864A-AAF62E300FD1}.Debug|Any CPU.Build.0 = Debug|Any CPU
		{A1AC61EC-D170-4EC2-864A-AAF62E300FD1}.Release|Any CPU.ActiveCfg = Release|Any CPU
		{A1AC61EC-D170-4EC2-864A-AAF62E300FD1}.Release|Any CPU.Build.0 = Release|Any CPU
	EndGlobalSection
	GlobalSection(SolutionProperties) = preSolution
		HideSolutionNode = FALSE
	EndGlobalSection
	GlobalSection(ExtensibilityGlobals) = postSolution
		SolutionGuid = {774DBE48-E6E6-420F-9B0B-B436D8317E4E}
	EndGlobalSection
EndGlobal
